# THIS IS AN AUTOGENERATED FILE. DO NOT EDIT THIS FILE DIRECTLY.
# yarn lockfile v1


"@hotwired/stimulus@^3.0.0-beta.2":
  version "3.0.0-beta.2"
  resolved "https://registry.yarnpkg.com/@hotwired/stimulus/-/stimulus-3.0.0-beta.2.tgz#64ca67af9cc473ca97bb99d98fee5bc08e4c3914"
  integrity sha512-rp2XojlugD0mvqi3qbqM660PbjqS7hnq/8FYa7SK/DL2rvWDu0/Ka3KW8cyXtcB1RiVG4nX5Oh4oq3nmuDjENQ==

"@hotwired/turbo-rails@^7.0.0-rc.4":
  version "7.0.0-rc.4"
  resolved "https://registry.yarnpkg.com/@hotwired/turbo-rails/-/turbo-rails-7.0.0-rc.4.tgz#647e7f976b1bb645a2902c131c235d7440c28e29"
  integrity sha512-ibCoMPnJRz/1CTsMywYLotq0zz2G4VZUeMiYSupzjmGFesGSJiCRiC42+iXPK/P1qwqp0WdWxSBRhfXI/wbH0A==
  dependencies:
    "@hotwired/turbo" "^7.0.0-rc.4"
    "@rails/actioncable" "^6.0.0"

"@hotwired/turbo@^7.0.0-rc.4":
  version "7.0.0-rc.4"
  resolved "https://registry.yarnpkg.com/@hotwired/turbo/-/turbo-7.0.0-rc.4.tgz#d3ab9555544534f5ec649613553e72ff6c7d7122"
  integrity sha512-4qx+6O6mUN+cSN+ZLGCOGc+2MxNrs7cFbmnWD6LIfiHAQyuNiIuB87Y5IAtOo8xj16fOBd2CdU1WRJya4Wkw0A==

"@rails/actioncable@^6.0.0":
  version "6.1.4"
  resolved "https://registry.yarnpkg.com/@rails/actioncable/-/actioncable-6.1.4.tgz#c3c5a9f8302c429af9722b6c50ab48049016d2a3"
  integrity sha512-0LmSKJTuo2dL6BQ+9xxLnS9lbkyfz2mBGeBnQ2J7o9Bn0l0q+ZC6VuoZMZZXPvABI4QT7Nfknv5WhfKYL+boew==

esbuild@^0.12.29:
  version "0.12.29"
  resolved "https://registry.yarnpkg.com/esbuild/-/esbuild-0.12.29.tgz#be602db7c4dc78944a9dbde0d1ea19d36c1f882d"
  integrity sha512-w/XuoBCSwepyiZtIRsKsetiLDUVGPVw1E/R3VTFSecIy8UR7Cq3SOtwKHJMFoVqqVG36aGkzh4e8BvpO1Fdc7g==
